
Microsoft Visual Studio Solution File, Format Version 12.00
# Visual Studio Version 18
VisualStudioVersion = 18.6.11822.322 stable
MinimumVisualStudioVersion = 10.0.40219.1
Project("{FAE04EC0-301F-11D3-BF4B-00C04F79EFBC}") = "BluSee", "BluSee.csproj", "{64B6F3AB-A1B7-7EC9-4BB0-98A1ABF12E79}"
EndProject
Global
	GlobalSection(SolutionConfigurationPlatforms) = preSolution
		Debug|Any CPU = Debug|Any CPU
		Release|Any CPU = Release|Any CPU
	EndGlobalSection
	GlobalSection(ProjectConfigurationPlatforms) = postSolution
		{64B6F3AB-A1B7-7EC9-4BB0-98A1ABF12E79}.Debug|Any CPU.ActiveCfg = Debug|Any CPU
		{64B6F3AB-A1B7-7EC9-4BB0-98A1ABF12E79}.Debug|Any CPU.Build.0 = Debug|Any CPU
		{64B6F3AB-A1B7-7EC9-4BB0-98A1ABF12E79}.Release|Any CPU.ActiveCfg = Release|Any CPU
		{64B6F3AB-A1B7-7EC9-4BB0-98A1ABF12E79}.Release|Any CPU.Build.0 = Release|Any CPU
	EndGlobalSection
	GlobalSection(SolutionProperties) = preSolution
		HideSolutionNode = FALSE
	EndGlobalSection
	GlobalSection(ExtensibilityGlobals) = postSolution
		SolutionGuid = {795F9A27-F410-4A37-86AF-F7E56C6B52E4}
	EndGlobalSection
EndGlobal
